
Microsoft Visual Studio Solution File, Format Version 12.00
# Visual Studio 14
VisualStudioVersion = 14.0.25420.1
MinimumVisualStudioVersion = 10.0.40219.1
Project("{2150E333-8FDC-42A3-9474-1A3956D46DE8}") = "src", "src", "{8868E93A-399F-48F5-8801-3A930458CA87}"
EndProject
Project("{2150E333-8FDC-42A3-9474-1A3956D46DE8}") = "Solution Items", "Solution Items", "{4B0B072B-87C6-476E-9618-555C96B035F2}"
	ProjectSection(SolutionItems) = preProject
		global.json = global.json
	EndProjectSection
EndProject
Project("{8BB2217D-0F2D-49D1-97BC-3654ED321F3B}") = "MyFirstCoreApp", "src\MyFirstCoreApp\MyFirstCoreApp.xproj", "{34A6EB3C-A295-44F2-AD12-243496CDA58D}"
EndProject
Global
	GlobalSection(SolutionConfigurationPlatforms) = preSolution
		Debug|Any CPU = Debug|Any CPU
		Release|Any CPU = Release|Any CPU
	EndGlobalSection
	GlobalSection(ProjectConfigurationPlatforms) = postSolution
		{34A6EB3C-A295-44F2-AD12-243496CDA58D}.Debug|Any CPU.ActiveCfg = Debug|Any CPU
		{34A6EB3C-A295-44F2-AD12-243496CDA58D}.Debug|Any CPU.Build.0 = Debug|Any CPU
		{34A6EB3C-A295-44F2-AD12-243496CDA58D}.Release|Any CPU.ActiveCfg = Release|Any CPU
		{34A6EB3C-A295-44F2-AD12-243496CDA58D}.Release|Any CPU.Build.0 = Release|Any CPU
	EndGlobalSection
	GlobalSection(SolutionProperties) = preSolution
		HideSolutionNode = FALSE
	EndGlobalSection
	GlobalSection(NestedProjects) = preSolution
		{34A6EB3C-A295-44F2-AD12-243496CDA58D} = {8868E93A-399F-48F5-8801-3A930458CA87}
	EndGlobalSection
EndGlobal
