
Microsoft Visual Studio Solution File, Format Version 12.00
# Visual Studio 14
VisualStudioVersion = 14.0.25420.1
MinimumVisualStudioVersion = 10.0.40219.1
Project("{FAE04EC0-301F-11D3-BF4B-00C04F79EFBC}") = "NUnit_Test_Project", "NUnit_Test_Project\NUnit_Test_Project.csproj", "{B4B218E3-BFF4-48A6-A902-83F55049D0C3}"
EndProject
Project("{FAE04EC0-301F-11D3-BF4B-00C04F79EFBC}") = "NUnit_Test", "NUnit_Test\NUnit_Test.csproj", "{2BB8E2C7-C493-4B01-A7D4-B19BD6470731}"
EndProject
Global
	GlobalSection(SolutionConfigurationPlatforms) = preSolution
		Debug|Any CPU = Debug|Any CPU
		Release|Any CPU = Release|Any CPU
	EndGlobalSection
	GlobalSection(ProjectConfigurationPlatforms) = postSolution
		{B4B218E3-BFF4-48A6-A902-83F55049D0C3}.Debug|Any CPU.ActiveCfg = Debug|Any CPU
		{B4B218E3-BFF4-48A6-A902-83F55049D0C3}.Debug|Any CPU.Build.0 = Debug|Any CPU
		{B4B218E3-BFF4-48A6-A902-83F55049D0C3}.Release|Any CPU.ActiveCfg = Release|Any CPU
		{B4B218E3-BFF4-48A6-A902-83F55049D0C3}.Release|Any CPU.Build.0 = Release|Any CPU
		{2BB8E2C7-C493-4B01-A7D4-B19BD6470731}.Debug|Any CPU.ActiveCfg = Debug|Any CPU
		{2BB8E2C7-C493-4B01-A7D4-B19BD6470731}.Debug|Any CPU.Build.0 = Debug|Any CPU
		{2BB8E2C7-C493-4B01-A7D4-B19BD6470731}.Release|Any CPU.ActiveCfg = Release|Any CPU
		{2BB8E2C7-C493-4B01-A7D4-B19BD6470731}.Release|Any CPU.Build.0 = Release|Any CPU
	EndGlobalSection
	GlobalSection(SolutionProperties) = preSolution
		HideSolutionNode = FALSE
	EndGlobalSection
EndGlobal
