
Microsoft Visual Studio Solution File, Format Version 12.00
# Visual Studio 14
VisualStudioVersion = 14.0.25420.1
MinimumVisualStudioVersion = 10.0.40219.1
Project("{FAE04EC0-301F-11D3-BF4B-00C04F79EFBC}") = "TeacherStudent", "TeacherStudent\TeacherStudent.csproj", "{2EE53D15-4F09-4988-835D-97B57942D652}"
EndProject
Project("{FAE04EC0-301F-11D3-BF4B-00C04F79EFBC}") = "BAL", "BAL\BAL.csproj", "{4C2B9670-4049-4294-B647-459376D5B557}"
EndProject
Project("{FAE04EC0-301F-11D3-BF4B-00C04F79EFBC}") = "DAL", "DAL\DAL.csproj", "{242980F0-4D0A-488C-859F-116050D73456}"
EndProject
Global
	GlobalSection(SolutionConfigurationPlatforms) = preSolution
		Debug|Any CPU = Debug|Any CPU
		Release|Any CPU = Release|Any CPU
	EndGlobalSection
	GlobalSection(ProjectConfigurationPlatforms) = postSolution
		{2EE53D15-4F09-4988-835D-97B57942D652}.Debug|Any CPU.ActiveCfg = Debug|Any CPU
		{2EE53D15-4F09-4988-835D-97B57942D652}.Debug|Any CPU.Build.0 = Debug|Any CPU
		{2EE53D15-4F09-4988-835D-97B57942D652}.Release|Any CPU.ActiveCfg = Release|Any CPU
		{2EE53D15-4F09-4988-835D-97B57942D652}.Release|Any CPU.Build.0 = Release|Any CPU
		{4C2B9670-4049-4294-B647-459376D5B557}.Debug|Any CPU.ActiveCfg = Debug|Any CPU
		{4C2B9670-4049-4294-B647-459376D5B557}.Debug|Any CPU.Build.0 = Debug|Any CPU
		{4C2B9670-4049-4294-B647-459376D5B557}.Release|Any CPU.ActiveCfg = Release|Any CPU
		{4C2B9670-4049-4294-B647-459376D5B557}.Release|Any CPU.Build.0 = Release|Any CPU
		{242980F0-4D0A-488C-859F-116050D73456}.Debug|Any CPU.ActiveCfg = Debug|Any CPU
		{242980F0-4D0A-488C-859F-116050D73456}.Debug|Any CPU.Build.0 = Debug|Any CPU
		{242980F0-4D0A-488C-859F-116050D73456}.Release|Any CPU.ActiveCfg = Release|Any CPU
		{242980F0-4D0A-488C-859F-116050D73456}.Release|Any CPU.Build.0 = Release|Any CPU
	EndGlobalSection
	GlobalSection(SolutionProperties) = preSolution
		HideSolutionNode = FALSE
	EndGlobalSection
EndGlobal
